# This file is automatically @generated by Wally.
# It is not intended for manual editing.
registry = "test"

[[package]]
name = "tpc9000/cleaner"
version = "0.1.1"
dependencies = [["TypeGuard", "tpc9000/typeguard@2.3.0"]]

[[package]]
name = "tpc9000/tableutil"
version = "0.1.1"
dependencies = []

[[package]]
name = "tpc9000/typeguard"
version = "2.3.0"
dependencies = []

[[package]]
name = "tpc9000/vapor"
version = "0.1.0"
dependencies = [["Cleaner", "tpc9000/cleaner@0.1.1"], ["TableUtil", "tpc9000/tableutil@0.1.1"], ["TypeGuard", "tpc9000/typeguard@2.3.0"], ["XSignal", "tpc9000/xsignal@0.1.0"]]

[[package]]
name = "tpc9000/xsignal"
version = "0.1.0"
dependencies = [["TypeGuard", "tpc9000/typeguard@2.3.0"]]
