# This file is automatically @generated by Wally.
# It is not intended for manual editing.
registry = "test"

[[package]]
name = "tpc9000/cleaner"
version = "0.3.0"
dependencies = [["TypeGuard", "tpc9000/typeguard@6.0.0-alpha.2"]]

[[package]]
name = "tpc9000/tableutil"
version = "0.8.1"
dependencies = []

[[package]]
name = "tpc9000/typeguard"
version = "6.0.0-alpha.2"
dependencies = [["TableUtil", "tpc9000/tableutil@0.8.1"]]

[[package]]
name = "tpc9000/vapor"
version = "0.4.0"
dependencies = [["Cleaner", "tpc9000/cleaner@0.3.0"], ["TableUtil", "tpc9000/tableutil@0.8.1"], ["TypeGuard", "tpc9000/typeguard@6.0.0-alpha.2"], ["XSignal", "tpc9000/xsignal@3.0.1"]]

[[package]]
name = "tpc9000/xsignal"
version = "3.0.1"
dependencies = [["TypeGuard", "tpc9000/typeguard@6.0.0-alpha.2"]]
